
Microsoft Visual Studio Solution File, Format Version 12.00
# Visual Studio Version 17
VisualStudioVersion = 17.0.32126.317
MinimumVisualStudioVersion = 10.0.40219.1
Project("{FAE04EC0-301F-11D3-BF4B-00C04F79EFBC}") = "testes3", "testes3\testes3.csproj", "{6AA32061-A408-4B87-8B32-0A7D23EA15CD}"
EndProject
Global
	GlobalSection(SolutionConfigurationPlatforms) = preSolution
		Debug|Any CPU = Debug|Any CPU
		Release|Any CPU = Release|Any CPU
	EndGlobalSection
	GlobalSection(ProjectConfigurationPlatforms) = postSolution
		{6AA32061-A408-4B87-8B32-0A7D23EA15CD}.Debug|Any CPU.ActiveCfg = Debug|Any CPU
		{6AA32061-A408-4B87-8B32-0A7D23EA15CD}.Debug|Any CPU.Build.0 = Debug|Any CPU
		{6AA32061-A408-4B87-8B32-0A7D23EA15CD}.Release|Any CPU.ActiveCfg = Release|Any CPU
		{6AA32061-A408-4B87-8B32-0A7D23EA15CD}.Release|Any CPU.Build.0 = Release|Any CPU
	EndGlobalSection
	GlobalSection(SolutionProperties) = preSolution
		HideSolutionNode = FALSE
	EndGlobalSection
	GlobalSection(ExtensibilityGlobals) = postSolution
		SolutionGuid = {88AF2299-F2F7-4B4A-8A72-A5A32507C35D}
	EndGlobalSection
EndGlobal
